
Microsoft Visual Studio Solution File, Format Version 12.00
# Visual Studio Version 17
VisualStudioVersion = 17.5.33627.172
MinimumVisualStudioVersion = 10.0.40219.1
Project("{FAE04EC0-301F-11D3-BF4B-00C04F79EFBC}") = "ConsoleApp_SE1739", "ConsoleApp_SE1739\ConsoleApp_SE1739.csproj", "{438499EE-B651-4107-9EEC-3D21B1CB6EA5}"
EndProject
Global
	GlobalSection(SolutionConfigurationPlatforms) = preSolution
		Debug|Any CPU = Debug|Any CPU
		Release|Any CPU = Release|Any CPU
	EndGlobalSection
	GlobalSection(ProjectConfigurationPlatforms) = postSolution
		{438499EE-B651-4107-9EEC-3D21B1CB6EA5}.Debug|Any CPU.ActiveCfg = Debug|Any CPU
		{438499EE-B651-4107-9EEC-3D21B1CB6EA5}.Debug|Any CPU.Build.0 = Debug|Any CPU
		{438499EE-B651-4107-9EEC-3D21B1CB6EA5}.Release|Any CPU.ActiveCfg = Release|Any CPU
		{438499EE-B651-4107-9EEC-3D21B1CB6EA5}.Release|Any CPU.Build.0 = Release|Any CPU
	EndGlobalSection
	GlobalSection(SolutionProperties) = preSolution
		HideSolutionNode = FALSE
	EndGlobalSection
	GlobalSection(ExtensibilityGlobals) = postSolution
		SolutionGuid = {D4E6AB3F-5BD9-48B0-96DB-156B9DDCA4AF}
	EndGlobalSection
EndGlobal
